
Microsoft Visual Studio Solution File, Format Version 12.00
# Visual Studio Version 17
VisualStudioVersion = 17.0.31903.59
MinimumVisualStudioVersion = 10.0.40219.1
Project("{9A19103F-16F7-4668-BE54-9A1E7A4F7556}") = "TodoList.webApi", "TodoList.webApi\TodoList.webApi.csproj", "{5BC2185D-20B5-48B1-B0BE-6580625E8CAA}"
EndProject
Project("{FAE04EC0-301F-11D3-BF4B-00C04F79EFBC}") = "TodoList.DataAccess", "TodoList.DataAccess\TodoList.DataAccess.csproj", "{F6E17A97-DE2E-42ED-95EC-F612EC6249CC}"
EndProject
Project("{FAE04EC0-301F-11D3-BF4B-00C04F79EFBC}") = "TodoList.BusinessLogic", "TodoList.BusinessLogic\TodoList.BusinessLogic.csproj", "{62D055C5-E455-4986-A5FE-53E3CE6165D5}"
EndProject
Global
	GlobalSection(SolutionConfigurationPlatforms) = preSolution
		Debug|Any CPU = Debug|Any CPU
		Release|Any CPU = Release|Any CPU
	EndGlobalSection
	GlobalSection(ProjectConfigurationPlatforms) = postSolution
		{5BC2185D-20B5-48B1-B0BE-6580625E8CAA}.Debug|Any CPU.ActiveCfg = Debug|Any CPU
		{5BC2185D-20B5-48B1-B0BE-6580625E8CAA}.Debug|Any CPU.Build.0 = Debug|Any CPU
		{5BC2185D-20B5-48B1-B0BE-6580625E8CAA}.Release|Any CPU.ActiveCfg = Release|Any CPU
		{5BC2185D-20B5-48B1-B0BE-6580625E8CAA}.Release|Any CPU.Build.0 = Release|Any CPU
		{F6E17A97-DE2E-42ED-95EC-F612EC6249CC}.Debug|Any CPU.ActiveCfg = Debug|Any CPU
		{F6E17A97-DE2E-42ED-95EC-F612EC6249CC}.Debug|Any CPU.Build.0 = Debug|Any CPU
		{F6E17A97-DE2E-42ED-95EC-F612EC6249CC}.Release|Any CPU.ActiveCfg = Release|Any CPU
		{F6E17A97-DE2E-42ED-95EC-F612EC6249CC}.Release|Any CPU.Build.0 = Release|Any CPU
		{62D055C5-E455-4986-A5FE-53E3CE6165D5}.Debug|Any CPU.ActiveCfg = Debug|Any CPU
		{62D055C5-E455-4986-A5FE-53E3CE6165D5}.Debug|Any CPU.Build.0 = Debug|Any CPU
		{62D055C5-E455-4986-A5FE-53E3CE6165D5}.Release|Any CPU.ActiveCfg = Release|Any CPU
		{62D055C5-E455-4986-A5FE-53E3CE6165D5}.Release|Any CPU.Build.0 = Release|Any CPU
	EndGlobalSection
	GlobalSection(SolutionProperties) = preSolution
		HideSolutionNode = FALSE
	EndGlobalSection
	GlobalSection(ExtensibilityGlobals) = postSolution
		SolutionGuid = {D13C2FF3-9528-4902-94FC-479ECEB0317D}
	EndGlobalSection
EndGlobal
